
Microsoft Visual Studio Solution File, Format Version 12.00
# Visual Studio Version 16
VisualStudioVersion = 16.0.29920.165
MinimumVisualStudioVersion = 10.0.40219.1
Project("{FAE04EC0-301F-11D3-BF4B-00C04F79EFBC}") = "SmalltownCinemas", "SmalltownCinemas\SmalltownCinemas.csproj", "{2A995759-4C95-4594-B74D-4297C9EDB5C8}"
EndProject
Project("{FAE04EC0-301F-11D3-BF4B-00C04F79EFBC}") = "SmalltownCinemaTests", "SmalltownCinemaTests\SmalltownCinemaTests.csproj", "{84057198-0883-4893-8782-1C8BAEE9B0E5}"
EndProject
Global
	GlobalSection(SolutionConfigurationPlatforms) = preSolution
		Debug|Any CPU = Debug|Any CPU
		Release|Any CPU = Release|Any CPU
	EndGlobalSection
	GlobalSection(ProjectConfigurationPlatforms) = postSolution
		{2A995759-4C95-4594-B74D-4297C9EDB5C8}.Debug|Any CPU.ActiveCfg = Debug|Any CPU
		{2A995759-4C95-4594-B74D-4297C9EDB5C8}.Debug|Any CPU.Build.0 = Debug|Any CPU
		{2A995759-4C95-4594-B74D-4297C9EDB5C8}.Release|Any CPU.ActiveCfg = Release|Any CPU
		{2A995759-4C95-4594-B74D-4297C9EDB5C8}.Release|Any CPU.Build.0 = Release|Any CPU
		{84057198-0883-4893-8782-1C8BAEE9B0E5}.Debug|Any CPU.ActiveCfg = Debug|Any CPU
		{84057198-0883-4893-8782-1C8BAEE9B0E5}.Debug|Any CPU.Build.0 = Debug|Any CPU
		{84057198-0883-4893-8782-1C8BAEE9B0E5}.Release|Any CPU.ActiveCfg = Release|Any CPU
		{84057198-0883-4893-8782-1C8BAEE9B0E5}.Release|Any CPU.Build.0 = Release|Any CPU
	EndGlobalSection
	GlobalSection(SolutionProperties) = preSolution
		HideSolutionNode = FALSE
	EndGlobalSection
	GlobalSection(ExtensibilityGlobals) = postSolution
		SolutionGuid = {6BA81569-173D-40B9-84BA-609677D381BB}
	EndGlobalSection
EndGlobal
